
Microsoft Visual Studio Solution File, Format Version 12.00
# Visual Studio Version 17
VisualStudioVersion = 17.9.34723.18
MinimumVisualStudioVersion = 10.0.40219.1
Project("{FAE04EC0-301F-11D3-BF4B-00C04F79EFBC}") = "BinarySearch", "BinarySearch.csproj", "{3EA93C0D-4944-4CA8-93B5-09A74E5E8308}"
EndProject
Global
	GlobalSection(SolutionConfigurationPlatforms) = preSolution
		Debug|Any CPU = Debug|Any CPU
		Release|Any CPU = Release|Any CPU
	EndGlobalSection
	GlobalSection(ProjectConfigurationPlatforms) = postSolution
		{3EA93C0D-4944-4CA8-93B5-09A74E5E8308}.Debug|Any CPU.ActiveCfg = Debug|Any CPU
		{3EA93C0D-4944-4CA8-93B5-09A74E5E8308}.Debug|Any CPU.Build.0 = Debug|Any CPU
		{3EA93C0D-4944-4CA8-93B5-09A74E5E8308}.Release|Any CPU.ActiveCfg = Release|Any CPU
		{3EA93C0D-4944-4CA8-93B5-09A74E5E8308}.Release|Any CPU.Build.0 = Release|Any CPU
	EndGlobalSection
	GlobalSection(SolutionProperties) = preSolution
		HideSolutionNode = FALSE
	EndGlobalSection
	GlobalSection(ExtensibilityGlobals) = postSolution
		SolutionGuid = {D09C1896-B3C3-4CDA-95E6-3D77D6FBA7B7}
	EndGlobalSection
EndGlobal
